
Microsoft Visual Studio Solution File, Format Version 12.00
# Visual Studio Version 16
VisualStudioVersion = 16.0.31613.86
MinimumVisualStudioVersion = 10.0.40219.1
Project("{FAE04EC0-301F-11D3-BF4B-00C04F79EFBC}") = "Data", "ClassLibrary1\Data.csproj", "{E2E8D074-809D-4F78-B280-3FD2AC91C14E}"
EndProject
Project("{FAE04EC0-301F-11D3-BF4B-00C04F79EFBC}") = "WebApiLojas", "WebApiLojas\WebApiLojas.csproj", "{65A32FEF-1D21-4172-ADE4-53990B08954B}"
EndProject
Global
	GlobalSection(SolutionConfigurationPlatforms) = preSolution
		Debug|Any CPU = Debug|Any CPU
		Release|Any CPU = Release|Any CPU
	EndGlobalSection
	GlobalSection(ProjectConfigurationPlatforms) = postSolution
		{E2E8D074-809D-4F78-B280-3FD2AC91C14E}.Debug|Any CPU.ActiveCfg = Debug|Any CPU
		{E2E8D074-809D-4F78-B280-3FD2AC91C14E}.Debug|Any CPU.Build.0 = Debug|Any CPU
		{E2E8D074-809D-4F78-B280-3FD2AC91C14E}.Release|Any CPU.ActiveCfg = Release|Any CPU
		{E2E8D074-809D-4F78-B280-3FD2AC91C14E}.Release|Any CPU.Build.0 = Release|Any CPU
		{65A32FEF-1D21-4172-ADE4-53990B08954B}.Debug|Any CPU.ActiveCfg = Debug|Any CPU
		{65A32FEF-1D21-4172-ADE4-53990B08954B}.Debug|Any CPU.Build.0 = Debug|Any CPU
		{65A32FEF-1D21-4172-ADE4-53990B08954B}.Release|Any CPU.ActiveCfg = Release|Any CPU
		{65A32FEF-1D21-4172-ADE4-53990B08954B}.Release|Any CPU.Build.0 = Release|Any CPU
	EndGlobalSection
	GlobalSection(SolutionProperties) = preSolution
		HideSolutionNode = FALSE
	EndGlobalSection
	GlobalSection(ExtensibilityGlobals) = postSolution
		SolutionGuid = {4040A517-3BD1-419D-952B-B9A214771927}
	EndGlobalSection
EndGlobal
